{
  "name": "computorv1",
  "version": "1.0.0",
  "lockfileVersion": 1,
  "requires": true,
  "dependencies": {
    "array.prototype.find": {
      "version": "1.0.0",
      "resolved": "https://registry.npmjs.org/array.prototype.find/-/array.prototype.find-1.0.0.tgz",
      "integrity": "sha1-UtgXaOscVpJXfuKdlspgPcdus6Y="
    },
    "array.prototype.findindex": {
      "version": "1.0.0",
      "resolved": "https://registry.npmjs.org/array.prototype.findindex/-/array.prototype.findindex-1.0.0.tgz",
      "integrity": "sha1-GWbvpZ980oERTTfvVC9RIB5yuP0="
    }
  }
}
